
Microsoft Visual Studio Solution File, Format Version 12.00
# Visual Studio Version 17
VisualStudioVersion = 17.11.35312.102
MinimumVisualStudioVersion = 10.0.40219.1
Project("{8BC9CEB8-8B4A-11D0-8D11-00A0C91BC942}") = "LAB15", "LAB15\LAB15.vcxproj", "{E0009FF6-E7D2-4121-8F64-736108C5D655}"
EndProject
Global
	GlobalSection(SolutionConfigurationPlatforms) = preSolution
		Debug|x64 = Debug|x64
		Debug|x86 = Debug|x86
		Release|x64 = Release|x64
		Release|x86 = Release|x86
	EndGlobalSection
	GlobalSection(ProjectConfigurationPlatforms) = postSolution
		{E0009FF6-E7D2-4121-8F64-736108C5D655}.Debug|x64.ActiveCfg = Debug|x64
		{E0009FF6-E7D2-4121-8F64-736108C5D655}.Debug|x64.Build.0 = Debug|x64
		{E0009FF6-E7D2-4121-8F64-736108C5D655}.Debug|x86.ActiveCfg = Debug|Win32
		{E0009FF6-E7D2-4121-8F64-736108C5D655}.Debug|x86.Build.0 = Debug|Win32
		{E0009FF6-E7D2-4121-8F64-736108C5D655}.Release|x64.ActiveCfg = Release|x64
		{E0009FF6-E7D2-4121-8F64-736108C5D655}.Release|x64.Build.0 = Release|x64
		{E0009FF6-E7D2-4121-8F64-736108C5D655}.Release|x86.ActiveCfg = Release|Win32
		{E0009FF6-E7D2-4121-8F64-736108C5D655}.Release|x86.Build.0 = Release|Win32
	EndGlobalSection
	GlobalSection(SolutionProperties) = preSolution
		HideSolutionNode = FALSE
	EndGlobalSection
	GlobalSection(ExtensibilityGlobals) = postSolution
		SolutionGuid = {6629D60E-1D78-42AF-98F0-0F5D3B5D6148}
	EndGlobalSection
EndGlobal
