
Microsoft Visual Studio Solution File, Format Version 12.00
# Visual Studio Version 17
VisualStudioVersion = 17.11.35312.102
MinimumVisualStudioVersion = 10.0.40219.1
Project("{8BC9CEB8-8B4A-11D0-8D11-00A0C91BC942}") = "LAB8, functions for drawing", "LAB8, functions for drawing\LAB8, functions for drawing.vcxproj", "{F2AD5CAE-5BFA-4C6C-A134-709359ABEBB3}"
EndProject
Global
	GlobalSection(SolutionConfigurationPlatforms) = preSolution
		Debug|x64 = Debug|x64
		Debug|x86 = Debug|x86
		Release|x64 = Release|x64
		Release|x86 = Release|x86
	EndGlobalSection
	GlobalSection(ProjectConfigurationPlatforms) = postSolution
		{F2AD5CAE-5BFA-4C6C-A134-709359ABEBB3}.Debug|x64.ActiveCfg = Debug|x64
		{F2AD5CAE-5BFA-4C6C-A134-709359ABEBB3}.Debug|x64.Build.0 = Debug|x64
		{F2AD5CAE-5BFA-4C6C-A134-709359ABEBB3}.Debug|x86.ActiveCfg = Debug|Win32
		{F2AD5CAE-5BFA-4C6C-A134-709359ABEBB3}.Debug|x86.Build.0 = Debug|Win32
		{F2AD5CAE-5BFA-4C6C-A134-709359ABEBB3}.Release|x64.ActiveCfg = Release|x64
		{F2AD5CAE-5BFA-4C6C-A134-709359ABEBB3}.Release|x64.Build.0 = Release|x64
		{F2AD5CAE-5BFA-4C6C-A134-709359ABEBB3}.Release|x86.ActiveCfg = Release|Win32
		{F2AD5CAE-5BFA-4C6C-A134-709359ABEBB3}.Release|x86.Build.0 = Release|Win32
	EndGlobalSection
	GlobalSection(SolutionProperties) = preSolution
		HideSolutionNode = FALSE
	EndGlobalSection
	GlobalSection(ExtensibilityGlobals) = postSolution
		SolutionGuid = {D5681C2E-5D51-40BD-8870-C111F3A6A206}
	EndGlobalSection
EndGlobal
